
Microsoft Visual Studio Solution File, Format Version 12.00
# Visual Studio Version 16
VisualStudioVersion = 16.0.30204.135
MinimumVisualStudioVersion = 10.0.40219.1
Project("{FAE04EC0-301F-11D3-BF4B-00C04F79EFBC}") = "Concordance", "Concordance.csproj", "{54BD34FA-374A-497F-B327-3F15DF747E28}"
EndProject
Global
	GlobalSection(SolutionConfigurationPlatforms) = preSolution
		Debug|Any CPU = Debug|Any CPU
		Release|Any CPU = Release|Any CPU
	EndGlobalSection
	GlobalSection(ProjectConfigurationPlatforms) = postSolution
		{54BD34FA-374A-497F-B327-3F15DF747E28}.Debug|Any CPU.ActiveCfg = Debug|Any CPU
		{54BD34FA-374A-497F-B327-3F15DF747E28}.Debug|Any CPU.Build.0 = Debug|Any CPU
		{54BD34FA-374A-497F-B327-3F15DF747E28}.Release|Any CPU.ActiveCfg = Release|Any CPU
		{54BD34FA-374A-497F-B327-3F15DF747E28}.Release|Any CPU.Build.0 = Release|Any CPU
	EndGlobalSection
	GlobalSection(SolutionProperties) = preSolution
		HideSolutionNode = FALSE
	EndGlobalSection
	GlobalSection(ExtensibilityGlobals) = postSolution
		SolutionGuid = {C6541817-94CB-4A68-8459-741CE020B43D}
	EndGlobalSection
EndGlobal
